
Microsoft Visual Studio Solution File, Format Version 12.00
# Visual Studio Version 16
VisualStudioVersion = 16.0.30907.101
MinimumVisualStudioVersion = 10.0.40219.1
Project("{FAE04EC0-301F-11D3-BF4B-00C04F79EFBC}") = "Final_ConnectFour", "Final_ConnectFour\Final_ConnectFour.csproj", "{B55BA42F-E9FD-4B05-A60B-3B6F33AAE801}"
EndProject
Global
	GlobalSection(SolutionConfigurationPlatforms) = preSolution
		Debug|Any CPU = Debug|Any CPU
		Release|Any CPU = Release|Any CPU
	EndGlobalSection
	GlobalSection(ProjectConfigurationPlatforms) = postSolution
		{B55BA42F-E9FD-4B05-A60B-3B6F33AAE801}.Debug|Any CPU.ActiveCfg = Debug|Any CPU
		{B55BA42F-E9FD-4B05-A60B-3B6F33AAE801}.Debug|Any CPU.Build.0 = Debug|Any CPU
		{B55BA42F-E9FD-4B05-A60B-3B6F33AAE801}.Release|Any CPU.ActiveCfg = Release|Any CPU
		{B55BA42F-E9FD-4B05-A60B-3B6F33AAE801}.Release|Any CPU.Build.0 = Release|Any CPU
	EndGlobalSection
	GlobalSection(SolutionProperties) = preSolution
		HideSolutionNode = FALSE
	EndGlobalSection
	GlobalSection(ExtensibilityGlobals) = postSolution
		SolutionGuid = {FB0E646F-7F30-4BD1-B0FD-BF51C4ECE660}
	EndGlobalSection
EndGlobal
